
Microsoft Visual Studio Solution File, Format Version 12.00
# Visual Studio Version 16
VisualStudioVersion = 16.0.29926.136
MinimumVisualStudioVersion = 10.0.40219.1
Project("{FAE04EC0-301F-11D3-BF4B-00C04F79EFBC}") = "BaseCode", "BaseCode.csproj", "{4244971D-B6E2-42C9-9B20-0467E9C66B90}"
EndProject
Project("{FAE04EC0-301F-11D3-BF4B-00C04F79EFBC}") = "LinkList", "..\LinkList\LinkList.csproj", "{7EB79121-2EF4-4619-93BD-9F4ED22114D6}"
EndProject
Project("{FAE04EC0-301F-11D3-BF4B-00C04F79EFBC}") = "Stack", "..\Stack\Stack.csproj", "{04C8986A-A9CA-47A3-8420-A4E711CCBD15}"
EndProject
Global
	GlobalSection(SolutionConfigurationPlatforms) = preSolution
		Debug|Any CPU = Debug|Any CPU
		Release|Any CPU = Release|Any CPU
	EndGlobalSection
	GlobalSection(ProjectConfigurationPlatforms) = postSolution
		{4244971D-B6E2-42C9-9B20-0467E9C66B90}.Debug|Any CPU.ActiveCfg = Debug|Any CPU
		{4244971D-B6E2-42C9-9B20-0467E9C66B90}.Debug|Any CPU.Build.0 = Debug|Any CPU
		{4244971D-B6E2-42C9-9B20-0467E9C66B90}.Release|Any CPU.ActiveCfg = Release|Any CPU
		{4244971D-B6E2-42C9-9B20-0467E9C66B90}.Release|Any CPU.Build.0 = Release|Any CPU
		{7EB79121-2EF4-4619-93BD-9F4ED22114D6}.Debug|Any CPU.ActiveCfg = Debug|Any CPU
		{7EB79121-2EF4-4619-93BD-9F4ED22114D6}.Debug|Any CPU.Build.0 = Debug|Any CPU
		{7EB79121-2EF4-4619-93BD-9F4ED22114D6}.Release|Any CPU.ActiveCfg = Release|Any CPU
		{7EB79121-2EF4-4619-93BD-9F4ED22114D6}.Release|Any CPU.Build.0 = Release|Any CPU
		{04C8986A-A9CA-47A3-8420-A4E711CCBD15}.Debug|Any CPU.ActiveCfg = Debug|Any CPU
		{04C8986A-A9CA-47A3-8420-A4E711CCBD15}.Debug|Any CPU.Build.0 = Debug|Any CPU
		{04C8986A-A9CA-47A3-8420-A4E711CCBD15}.Release|Any CPU.ActiveCfg = Release|Any CPU
		{04C8986A-A9CA-47A3-8420-A4E711CCBD15}.Release|Any CPU.Build.0 = Release|Any CPU
	EndGlobalSection
	GlobalSection(SolutionProperties) = preSolution
		HideSolutionNode = FALSE
	EndGlobalSection
	GlobalSection(ExtensibilityGlobals) = postSolution
		SolutionGuid = {E600F160-244E-4CA3-BA1D-B99FA81894EB}
	EndGlobalSection
EndGlobal
